// !$*UTF8*$!
{
	archiveVersion = 1;
	classes = {
	};
	objectVersion = 50;
	objects = {

/* Begin PBXBuildFile section */
		7642914B21D1CDA80041F277 /* CoreImage.framework in Frameworks */ = {isa = PBXBuildFile; fileRef = 7642914A21D1CDA80041F277 /* CoreImage.framework */; };
		7647F41121CF17AF00246407 /* WebKit.framework in Frameworks */ = {isa = PBXBuildFile; fileRef = 7647F41021CF17AF00246407 /* WebKit.framework */; };
		76ED289E21CF072D00C2A430 /* Assets.xcassets in Resources */ = {isa = PBXBuildFile; fileRef = 76ED289D21CF072D00C2A430 /* Assets.xcassets */; };
		76ED28AD21CF072D00C2A430 /* QRCodeTests.swift in Sources */ = {isa = PBXBuildFile; fileRef = 76ED28AC21CF072D00C2A430 /* QRCodeTests.swift */; };
		76ED28B821CF072D00C2A430 /* QRCodeUITests.swift in Sources */ = {isa = PBXBuildFile; fileRef = 76ED28B721CF072D00C2A430 /* QRCodeUITests.swift */; };
		76ED28D121CF078100C2A430 /* Main.storyboard in Resources */ = {isa = PBXBuildFile; fileRef = 76ED28C621CF078100C2A430 /* Main.storyboard */; };
		76ED28D321CF078100C2A430 /* Model.swift in Sources */ = {isa = PBXBuildFile; fileRef = 76ED28CA21CF078100C2A430 /* Model.swift */; };
		76ED28D421CF078100C2A430 /* Document.swift in Sources */ = {isa = PBXBuildFile; fileRef = 76ED28CB21CF078100C2A430 /* Document.swift */; };
		76ED28D521CF078100C2A430 /* ViewController.swift in Sources */ = {isa = PBXBuildFile; fileRef = 76ED28CD21CF078100C2A430 /* ViewController.swift */; };
		76ED28D621CF078100C2A430 /* AppDelegate.swift in Sources */ = {isa = PBXBuildFile; fileRef = 76ED28CE21CF078100C2A430 /* AppDelegate.swift */; };
		76ED28D721CF078100C2A430 /* design.afdesign in Resources */ = {isa = PBXBuildFile; fileRef = 76ED28D021CF078100C2A430 /* design.afdesign */; };
		76EDAEAE21D2E0750024A7B2 /* default.png in Resources */ = {isa = PBXBuildFile; fileRef = 76EDAEAD21D2E0750024A7B2 /* default.png */; };
		76EDAEB021D2E8F90024A7B2 /* file.icns in Resources */ = {isa = PBXBuildFile; fileRef = 76EDAEAF21D2E8F80024A7B2 /* file.icns */; };
/* End PBXBuildFile section */

/* Begin PBXContainerItemProxy section */
		76ED28A921CF072D00C2A430 /* PBXContainerItemProxy */ = {
			isa = PBXContainerItemProxy;
			containerPortal = 76ED288C21CF072C00C2A430 /* Project object */;
			proxyType = 1;
			remoteGlobalIDString = 76ED289321CF072C00C2A430;
			remoteInfo = QRCode;
		};
		76ED28B421CF072D00C2A430 /* PBXContainerItemProxy */ = {
			isa = PBXContainerItemProxy;
			containerPortal = 76ED288C21CF072C00C2A430 /* Project object */;
			proxyType = 1;
			remoteGlobalIDString = 76ED289321CF072C00C2A430;
			remoteInfo = QRCode;
		};
/* End PBXContainerItemProxy section */

/* Begin PBXFileReference section */
		7642914A21D1CDA80041F277 /* CoreImage.framework */ = {isa = PBXFileReference; lastKnownFileType = wrapper.framework; name = CoreImage.framework; path = System/Library/Frameworks/CoreImage.framework; sourceTree = SDKROOT; };
		7647F41021CF17AF00246407 /* WebKit.framework */ = {isa = PBXFileReference; lastKnownFileType = wrapper.framework; name = WebKit.framework; path = System/Library/Frameworks/WebKit.framework; sourceTree = SDKROOT; };
		76ED289421CF072C00C2A430 /* QRCode.app */ = {isa = PBXFileReference; explicitFileType = wrapper.application; includeInIndex = 0; path = QRCode.app; sourceTree = BUILT_PRODUCTS_DIR; };
		76ED289D21CF072D00C2A430 /* Assets.xcassets */ = {isa = PBXFileReference; lastKnownFileType = folder.assetcatalog; path = Assets.xcassets; sourceTree = "<group>"; };
		76ED28A221CF072D00C2A430 /* Info.plist */ = {isa = PBXFileReference; lastKnownFileType = text.plist.xml; path = Info.plist; sourceTree = "<group>"; };
		76ED28A321CF072D00C2A430 /* QRCode.entitlements */ = {isa = PBXFileReference; lastKnownFileType = text.plist.entitlements; path = QRCode.entitlements; sourceTree = "<group>"; };
		76ED28A821CF072D00C2A430 /* QRCodeTests.xctest */ = {isa = PBXFileReference; explicitFileType = wrapper.cfbundle; includeInIndex = 0; path = QRCodeTests.xctest; sourceTree = BUILT_PRODUCTS_DIR; };
		76ED28AC21CF072D00C2A430 /* QRCodeTests.swift */ = {isa = PBXFileReference; lastKnownFileType = sourcecode.swift; path = QRCodeTests.swift; sourceTree = "<group>"; };
		76ED28AE21CF072D00C2A430 /* Info.plist */ = {isa = PBXFileReference; lastKnownFileType = text.plist.xml; path = Info.plist; sourceTree = "<group>"; };
		76ED28B321CF072D00C2A430 /* QRCodeUITests.xctest */ = {isa = PBXFileReference; explicitFileType = wrapper.cfbundle; includeInIndex = 0; path = QRCodeUITests.xctest; sourceTree = BUILT_PRODUCTS_DIR; };
		76ED28B721CF072D00C2A430 /* QRCodeUITests.swift */ = {isa = PBXFileReference; lastKnownFileType = sourcecode.swift; path = QRCodeUITests.swift; sourceTree = "<group>"; };
		76ED28B921CF072D00C2A430 /* Info.plist */ = {isa = PBXFileReference; lastKnownFileType = text.plist.xml; path = Info.plist; sourceTree = "<group>"; };
		76ED28C721CF078100C2A430 /* Base */ = {isa = PBXFileReference; lastKnownFileType = file.storyboard; name = Base; path = Base.lproj/Main.storyboard; sourceTree = "<group>"; };
		76ED28CA21CF078100C2A430 /* Model.swift */ = {isa = PBXFileReference; fileEncoding = 4; lastKnownFileType = sourcecode.swift; path = Model.swift; sourceTree = "<group>"; };
		76ED28CB21CF078100C2A430 /* Document.swift */ = {isa = PBXFileReference; fileEncoding = 4; lastKnownFileType = sourcecode.swift; path = Document.swift; sourceTree = "<group>"; };
		76ED28CD21CF078100C2A430 /* ViewController.swift */ = {isa = PBXFileReference; fileEncoding = 4; lastKnownFileType = sourcecode.swift; path = ViewController.swift; sourceTree = "<group>"; };
		76ED28CE21CF078100C2A430 /* AppDelegate.swift */ = {isa = PBXFileReference; fileEncoding = 4; lastKnownFileType = sourcecode.swift; path = AppDelegate.swift; sourceTree = "<group>"; };
		76ED28D021CF078100C2A430 /* design.afdesign */ = {isa = PBXFileReference; lastKnownFileType = file; path = design.afdesign; sourceTree = "<group>"; };
		76EDAEAD21D2E0750024A7B2 /* default.png */ = {isa = PBXFileReference; lastKnownFileType = image.png; path = default.png; sourceTree = "<group>"; };
		76EDAEAF21D2E8F80024A7B2 /* file.icns */ = {isa = PBXFileReference; lastKnownFileType = image.icns; path = file.icns; sourceTree = "<group>"; };
/* End PBXFileReference section */

/* Begin PBXFrameworksBuildPhase section */
		76ED289121CF072C00C2A430 /* Frameworks */ = {
			isa = PBXFrameworksBuildPhase;
			buildActionMask = 2147483647;
			files = (
				7642914B21D1CDA80041F277 /* CoreImage.framework in Frameworks */,
				7647F41121CF17AF00246407 /* WebKit.framework in Frameworks */,
			);
			runOnlyForDeploymentPostprocessing = 0;
		};
		76ED28A521CF072D00C2A430 /* Frameworks */ = {
			isa = PBXFrameworksBuildPhase;
			buildActionMask = 2147483647;
			files = (
			);
			runOnlyForDeploymentPostprocessing = 0;
		};
		76ED28B021CF072D00C2A430 /* Frameworks */ = {
			isa = PBXFrameworksBuildPhase;
			buildActionMask = 2147483647;
			files = (
			);
			runOnlyForDeploymentPostprocessing = 0;
		};
/* End PBXFrameworksBuildPhase section */

/* Begin PBXGroup section */
		7647F40F21CF17AF00246407 /* Frameworks */ = {
			isa = PBXGroup;
			children = (
				7642914A21D1CDA80041F277 /* CoreImage.framework */,
				7647F41021CF17AF00246407 /* WebKit.framework */,
			);
			name = Frameworks;
			sourceTree = "<group>";
		};
		76ED288B21CF072C00C2A430 = {
			isa = PBXGroup;
			children = (
				76ED289621CF072C00C2A430 /* QRCode */,
				76ED28AB21CF072D00C2A430 /* QRCodeTests */,
				76ED28B621CF072D00C2A430 /* QRCodeUITests */,
				7647F40F21CF17AF00246407 /* Frameworks */,
				76ED289521CF072C00C2A430 /* Products */,
			);
			sourceTree = "<group>";
		};
		76ED289521CF072C00C2A430 /* Products */ = {
			isa = PBXGroup;
			children = (
				76ED289421CF072C00C2A430 /* QRCode.app */,
				76ED28A821CF072D00C2A430 /* QRCodeTests.xctest */,
				76ED28B321CF072D00C2A430 /* QRCodeUITests.xctest */,
			);
			name = Products;
			sourceTree = "<group>";
		};
		76ED289621CF072C00C2A430 /* QRCode */ = {
			isa = PBXGroup;
			children = (
				76ED28CC21CF078100C2A430 /* Controllers */,
				76ED28CF21CF078100C2A430 /* Design */,
				76ED28C921CF078100C2A430 /* Model */,
				76ED28C521CF078100C2A430 /* Views */,
				76ED289D21CF072D00C2A430 /* Assets.xcassets */,
				76EDAEAD21D2E0750024A7B2 /* default.png */,
				76EDAEAF21D2E8F80024A7B2 /* file.icns */,
				76ED28A221CF072D00C2A430 /* Info.plist */,
				76ED28A321CF072D00C2A430 /* QRCode.entitlements */,
			);
			path = QRCode;
			sourceTree = "<group>";
		};
		76ED28AB21CF072D00C2A430 /* QRCodeTests */ = {
			isa = PBXGroup;
			children = (
				76ED28AC21CF072D00C2A430 /* QRCodeTests.swift */,
				76ED28AE21CF072D00C2A430 /* Info.plist */,
			);
			path = QRCodeTests;
			sourceTree = "<group>";
		};
		76ED28B621CF072D00C2A430 /* QRCodeUITests */ = {
			isa = PBXGroup;
			children = (
				76ED28B721CF072D00C2A430 /* QRCodeUITests.swift */,
				76ED28B921CF072D00C2A430 /* Info.plist */,
			);
			path = QRCodeUITests;
			sourceTree = "<group>";
		};
		76ED28C521CF078100C2A430 /* Views */ = {
			isa = PBXGroup;
			children = (
				76ED28C621CF078100C2A430 /* Main.storyboard */,
			);
			path = Views;
			sourceTree = "<group>";
		};
		76ED28C921CF078100C2A430 /* Model */ = {
			isa = PBXGroup;
			children = (
				76ED28CA21CF078100C2A430 /* Model.swift */,
				76ED28CB21CF078100C2A430 /* Document.swift */,
			);
			path = Model;
			sourceTree = "<group>";
		};
		76ED28CC21CF078100C2A430 /* Controllers */ = {
			isa = PBXGroup;
			children = (
				76ED28CE21CF078100C2A430 /* AppDelegate.swift */,
				76ED28CD21CF078100C2A430 /* ViewController.swift */,
			);
			path = Controllers;
			sourceTree = "<group>";
		};
		76ED28CF21CF078100C2A430 /* Design */ = {
			isa = PBXGroup;
			children = (
				76ED28D021CF078100C2A430 /* design.afdesign */,
			);
			path = Design;
			sourceTree = "<group>";
		};
/* End PBXGroup section */

/* Begin PBXNativeTarget section */
		76ED289321CF072C00C2A430 /* QRCode */ = {
			isa = PBXNativeTarget;
			buildConfigurationList = 76ED28BC21CF072D00C2A430 /* Build configuration list for PBXNativeTarget "QRCode" */;
			buildPhases = (
				76ED289021CF072C00C2A430 /* Sources */,
				76ED289121CF072C00C2A430 /* Frameworks */,
				76ED289221CF072C00C2A430 /* Resources */,
			);
			buildRules = (
			);
			dependencies = (
			);
			name = QRCode;
			productName = QRCode;
			productReference = 76ED289421CF072C00C2A430 /* QRCode.app */;
			productType = "com.apple.product-type.application";
		};
		76ED28A721CF072D00C2A430 /* QRCodeTests */ = {
			isa = PBXNativeTarget;
			buildConfigurationList = 76ED28BF21CF072D00C2A430 /* Build configuration list for PBXNativeTarget "QRCodeTests" */;
			buildPhases = (
				76ED28A421CF072D00C2A430 /* Sources */,
				76ED28A521CF072D00C2A430 /* Frameworks */,
				76ED28A621CF072D00C2A430 /* Resources */,
			);
			buildRules = (
			);
			dependencies = (
				76ED28AA21CF072D00C2A430 /* PBXTargetDependency */,
			);
			name = QRCodeTests;
			productName = QRCodeTests;
			productReference = 76ED28A821CF072D00C2A430 /* QRCodeTests.xctest */;
			productType = "com.apple.product-type.bundle.unit-test";
		};
		76ED28B221CF072D00C2A430 /* QRCodeUITests */ = {
			isa = PBXNativeTarget;
			buildConfigurationList = 76ED28C221CF072D00C2A430 /* Build configuration list for PBXNativeTarget "QRCodeUITests" */;
			buildPhases = (
				76ED28AF21CF072D00C2A430 /* Sources */,
				76ED28B021CF072D00C2A430 /* Frameworks */,
				76ED28B121CF072D00C2A430 /* Resources */,
			);
			buildRules = (
			);
			dependencies = (
				76ED28B521CF072D00C2A430 /* PBXTargetDependency */,
			);
			name = QRCodeUITests;
			productName = QRCodeUITests;
			productReference = 76ED28B321CF072D00C2A430 /* QRCodeUITests.xctest */;
			productType = "com.apple.product-type.bundle.ui-testing";
		};
/* End PBXNativeTarget section */

/* Begin PBXProject section */
		76ED288C21CF072C00C2A430 /* Project object */ = {
			isa = PBXProject;
			attributes = {
				LastSwiftUpdateCheck = 1010;
				LastUpgradeCheck = 1010;
				ORGANIZATIONNAME = "Nutz & Boltz Productions";
				TargetAttributes = {
					76ED289321CF072C00C2A430 = {
						CreatedOnToolsVersion = 10.1;
						SystemCapabilities = {
							com.apple.Sandbox = {
								enabled = 0;
							};
						};
					};
					76ED28A721CF072D00C2A430 = {
						CreatedOnToolsVersion = 10.1;
						TestTargetID = 76ED289321CF072C00C2A430;
					};
					76ED28B221CF072D00C2A430 = {
						CreatedOnToolsVersion = 10.1;
						TestTargetID = 76ED289321CF072C00C2A430;
					};
				};
			};
			buildConfigurationList = 76ED288F21CF072C00C2A430 /* Build configuration list for PBXProject "QRCode" */;
			compatibilityVersion = "Xcode 9.3";
			developmentRegion = en;
			hasScannedForEncodings = 0;
			knownRegions = (
				en,
				Base,
			);
			mainGroup = 76ED288B21CF072C00C2A430;
			productRefGroup = 76ED289521CF072C00C2A430 /* Products */;
			projectDirPath = "";
			projectRoot = "";
			targets = (
				76ED289321CF072C00C2A430 /* QRCode */,
				76ED28A721CF072D00C2A430 /* QRCodeTests */,
				76ED28B221CF072D00C2A430 /* QRCodeUITests */,
			);
		};
/* End PBXProject section */

/* Begin PBXResourcesBuildPhase section */
		76ED289221CF072C00C2A430 /* Resources */ = {
			isa = PBXResourcesBuildPhase;
			buildActionMask = 2147483647;
			files = (
				76EDAEB021D2E8F90024A7B2 /* file.icns in Resources */,
				76ED28D721CF078100C2A430 /* design.afdesign in Resources */,
				76ED289E21CF072D00C2A430 /* Assets.xcassets in Resources */,
				76ED28D121CF078100C2A430 /* Main.storyboard in Resources */,
				76EDAEAE21D2E0750024A7B2 /* default.png in Resources */,
			);
			runOnlyForDeploymentPostprocessing = 0;
		};
		76ED28A621CF072D00C2A430 /* Resources */ = {
			isa = PBXResourcesBuildPhase;
			buildActionMask = 2147483647;
			files = (
			);
			runOnlyForDeploymentPostprocessing = 0;
		};
		76ED28B121CF072D00C2A430 /* Resources */ = {
			isa = PBXResourcesBuildPhase;
			buildActionMask = 2147483647;
			files = (
			);
			runOnlyForDeploymentPostprocessing = 0;
		};
/* End PBXResourcesBuildPhase section */

/* Begin PBXSourcesBuildPhase section */
		76ED289021CF072C00C2A430 /* Sources */ = {
			isa = PBXSourcesBuildPhase;
			buildActionMask = 2147483647;
			files = (
				76ED28D621CF078100C2A430 /* AppDelegate.swift in Sources */,
				76ED28D521CF078100C2A430 /* ViewController.swift in Sources */,
				76ED28D421CF078100C2A430 /* Document.swift in Sources */,
				76ED28D321CF078100C2A430 /* Model.swift in Sources */,
			);
			runOnlyForDeploymentPostprocessing = 0;
		};
		76ED28A421CF072D00C2A430 /* Sources */ = {
			isa = PBXSourcesBuildPhase;
			buildActionMask = 2147483647;
			files = (
				76ED28AD21CF072D00C2A430 /* QRCodeTests.swift in Sources */,
			);
			runOnlyForDeploymentPostprocessing = 0;
		};
		76ED28AF21CF072D00C2A430 /* Sources */ = {
			isa = PBXSourcesBuildPhase;
			buildActionMask = 2147483647;
			files = (
				76ED28B821CF072D00C2A430 /* QRCodeUITests.swift in Sources */,
			);
			runOnlyForDeploymentPostprocessing = 0;
		};
/* End PBXSourcesBuildPhase section */

/* Begin PBXTargetDependency section */
		76ED28AA21CF072D00C2A430 /* PBXTargetDependency */ = {
			isa = PBXTargetDependency;
			target = 76ED289321CF072C00C2A430 /* QRCode */;
			targetProxy = 76ED28A921CF072D00C2A430 /* PBXContainerItemProxy */;
		};
		76ED28B521CF072D00C2A430 /* PBXTargetDependency */ = {
			isa = PBXTargetDependency;
			target = 76ED289321CF072C00C2A430 /* QRCode */;
			targetProxy = 76ED28B421CF072D00C2A430 /* PBXContainerItemProxy */;
		};
/* End PBXTargetDependency section */

/* Begin PBXVariantGroup section */
		76ED28C621CF078100C2A430 /* Main.storyboard */ = {
			isa = PBXVariantGroup;
			children = (
				76ED28C721CF078100C2A430 /* Base */,
			);
			name = Main.storyboard;
			sourceTree = "<group>";
		};
/* End PBXVariantGroup section */

/* Begin XCBuildConfiguration section */
		76ED28BA21CF072D00C2A430 /* Debug */ = {
			isa = XCBuildConfiguration;
			buildSettings = {
				ALWAYS_SEARCH_USER_PATHS = NO;
				CLANG_ANALYZER_NONNULL = YES;
				CLANG_ANALYZER_NUMBER_OBJECT_CONVERSION = YES_AGGRESSIVE;
				CLANG_CXX_LANGUAGE_STANDARD = "gnu++14";
				CLANG_CXX_LIBRARY = "libc++";
				CLANG_ENABLE_MODULES = YES;
				CLANG_ENABLE_OBJC_ARC = YES;
				CLANG_ENABLE_OBJC_WEAK = YES;
				CLANG_WARN_BLOCK_CAPTURE_AUTORELEASING = YES;
				CLANG_WARN_BOOL_CONVERSION = YES;
				CLANG_WARN_COMMA = YES;
				CLANG_WARN_CONSTANT_CONVERSION = YES;
				CLANG_WARN_DEPRECATED_OBJC_IMPLEMENTATIONS = YES;
				CLANG_WARN_DIRECT_OBJC_ISA_USAGE = YES_ERROR;
				CLANG_WARN_DOCUMENTATION_COMMENTS = YES;
				CLANG_WARN_EMPTY_BODY = YES;
				CLANG_WARN_ENUM_CONVERSION = YES;
				CLANG_WARN_INFINITE_RECURSION = YES;
				CLANG_WARN_INT_CONVERSION = YES;
				CLANG_WARN_NON_LITERAL_NULL_CONVERSION = YES;
				CLANG_WARN_OBJC_IMPLICIT_RETAIN_SELF = YES;
				CLANG_WARN_OBJC_LITERAL_CONVERSION = YES;
				CLANG_WARN_OBJC_ROOT_CLASS = YES_ERROR;
				CLANG_WARN_RANGE_LOOP_ANALYSIS = YES;
				CLANG_WARN_STRICT_PROTOTYPES = YES;
				CLANG_WARN_SUSPICIOUS_MOVE = YES;
				CLANG_WARN_UNGUARDED_AVAILABILITY = YES_AGGRESSIVE;
				CLANG_WARN_UNREACHABLE_CODE = YES;
				CLANG_WARN__DUPLICATE_METHOD_MATCH = YES;
				CODE_SIGN_IDENTITY = "Mac Developer";
				COPY_PHASE_STRIP = NO;
				DEBUG_INFORMATION_FORMAT = dwarf;
				ENABLE_STRICT_OBJC_MSGSEND = YES;
				ENABLE_TESTABILITY = YES;
				GCC_C_LANGUAGE_STANDARD = gnu11;
				GCC_DYNAMIC_NO_PIC = NO;
				GCC_NO_COMMON_BLOCKS = YES;
				GCC_OPTIMIZATION_LEVEL = 0;
				GCC_PREPROCESSOR_DEFINITIONS = (
					"DEBUG=1",
					"$(inherited)",
				);
				GCC_WARN_64_TO_32_BIT_CONVERSION = YES;
				GCC_WARN_ABOUT_RETURN_TYPE = YES_ERROR;
				GCC_WARN_UNDECLARED_SELECTOR = YES;
				GCC_WARN_UNINITIALIZED_AUTOS = YES_AGGRESSIVE;
				GCC_WARN_UNUSED_FUNCTION = YES;
				GCC_WARN_UNUSED_VARIABLE = YES;
				MACOSX_DEPLOYMENT_TARGET = 10.14;
				MTL_ENABLE_DEBUG_INFO = INCLUDE_SOURCE;
				MTL_FAST_MATH = YES;
				ONLY_ACTIVE_ARCH = YES;
				SDKROOT = macosx;
				SWIFT_ACTIVE_COMPILATION_CONDITIONS = DEBUG;
				SWIFT_OPTIMIZATION_LEVEL = "-Onone";
			};
			name = Debug;
		};
		76ED28BB21CF072D00C2A430 /* Release */ = {
			isa = XCBuildConfiguration;
			buildSettings = {
				ALWAYS_SEARCH_USER_PATHS = NO;
				CLANG_ANALYZER_NONNULL = YES;
				CLANG_ANALYZER_NUMBER_OBJECT_CONVERSION = YES_AGGRESSIVE;
				CLANG_CXX_LANGUAGE_STANDARD = "gnu++14";
				CLANG_CXX_LIBRARY = "libc++";
				CLANG_ENABLE_MODULES = YES;
				CLANG_ENABLE_OBJC_ARC = YES;
				CLANG_ENABLE_OBJC_WEAK = YES;
				CLANG_WARN_BLOCK_CAPTURE_AUTORELEASING = YES;
				CLANG_WARN_BOOL_CONVERSION = YES;
				CLANG_WARN_COMMA = YES;
				CLANG_WARN_CONSTANT_CONVERSION = YES;
				CLANG_WARN_DEPRECATED_OBJC_IMPLEMENTATIONS = YES;
				CLANG_WARN_DIRECT_OBJC_ISA_USAGE = YES_ERROR;
				CLANG_WARN_DOCUMENTATION_COMMENTS = YES;
				CLANG_WARN_EMPTY_BODY = YES;
				CLANG_WARN_ENUM_CONVERSION = YES;
				CLANG_WARN_INFINITE_RECURSION = YES;
				CLANG_WARN_INT_CONVERSION = YES;
				CLANG_WARN_NON_LITERAL_NULL_CONVERSION = YES;
				CLANG_WARN_OBJC_IMPLICIT_RETAIN_SELF = YES;
				CLANG_WARN_OBJC_LITERAL_CONVERSION = YES;
				CLANG_WARN_OBJC_ROOT_CLASS = YES_ERROR;
				CLANG_WARN_RANGE_LOOP_ANALYSIS = YES;
				CLANG_WARN_STRICT_PROTOTYPES = YES;
				CLANG_WARN_SUSPICIOUS_MOVE = YES;
				CLANG_WARN_UNGUARDED_AVAILABILITY = YES_AGGRESSIVE;
				CLANG_WARN_UNREACHABLE_CODE = YES;
				CLANG_WARN__DUPLICATE_METHOD_MATCH = YES;
				CODE_SIGN_IDENTITY = "Mac Developer";
				COPY_PHASE_STRIP = NO;
				DEBUG_INFORMATION_FORMAT = "dwarf-with-dsym";
				ENABLE_NS_ASSERTIONS = NO;
				ENABLE_STRICT_OBJC_MSGSEND = YES;
				GCC_C_LANGUAGE_STANDARD = gnu11;
				GCC_NO_COMMON_BLOCKS = YES;
				GCC_WARN_64_TO_32_BIT_CONVERSION = YES;
				GCC_WARN_ABOUT_RETURN_TYPE = YES_ERROR;
				GCC_WARN_UNDECLARED_SELECTOR = YES;
				GCC_WARN_UNINITIALIZED_AUTOS = YES_AGGRESSIVE;
				GCC_WARN_UNUSED_FUNCTION = YES;
				GCC_WARN_UNUSED_VARIABLE = YES;
				MACOSX_DEPLOYMENT_TARGET = 10.14;
				MTL_ENABLE_DEBUG_INFO = NO;
				MTL_FAST_MATH = YES;
				SDKROOT = macosx;
				SWIFT_COMPILATION_MODE = wholemodule;
				SWIFT_OPTIMIZATION_LEVEL = "-O";
			};
			name = Release;
		};
		76ED28BD21CF072D00C2A430 /* Debug */ = {
			isa = XCBuildConfiguration;
			buildSettings = {
				ASSETCATALOG_COMPILER_APPICON_NAME = AppIcon;
				CODE_SIGN_STYLE = Automatic;
				COMBINE_HIDPI_IMAGES = YES;
				DEVELOPMENT_TEAM = 27LZ3U2T22;
				INFOPLIST_FILE = QRCode/Info.plist;
				LD_RUNPATH_SEARCH_PATHS = (
					"$(inherited)",
					"@executable_path/../Frameworks",
				);
				PRODUCT_BUNDLE_IDENTIFIER = com.nutznboltzllc.QRCode;
				PRODUCT_NAME = "$(TARGET_NAME)";
				SWIFT_VERSION = 4.2;
			};
			name = Debug;
		};
		76ED28BE21CF072D00C2A430 /* Release */ = {
			isa = XCBuildConfiguration;
			buildSettings = {
				ASSETCATALOG_COMPILER_APPICON_NAME = AppIcon;
				CODE_SIGN_STYLE = Automatic;
				COMBINE_HIDPI_IMAGES = YES;
				DEVELOPMENT_TEAM = 27LZ3U2T22;
				INFOPLIST_FILE = QRCode/Info.plist;
				LD_RUNPATH_SEARCH_PATHS = (
					"$(inherited)",
					"@executable_path/../Frameworks",
				);
				PRODUCT_BUNDLE_IDENTIFIER = com.nutznboltzllc.QRCode;
				PRODUCT_NAME = "$(TARGET_NAME)";
				SWIFT_VERSION = 4.2;
			};
			name = Release;
		};
		76ED28C021CF072D00C2A430 /* Debug */ = {
			isa = XCBuildConfiguration;
			buildSettings = {
				ALWAYS_EMBED_SWIFT_STANDARD_LIBRARIES = YES;
				BUNDLE_LOADER = "$(TEST_HOST)";
				CODE_SIGN_STYLE = Automatic;
				COMBINE_HIDPI_IMAGES = YES;
				DEVELOPMENT_TEAM = 27LZ3U2T22;
				INFOPLIST_FILE = QRCodeTests/Info.plist;
				LD_RUNPATH_SEARCH_PATHS = (
					"$(inherited)",
					"@executable_path/../Frameworks",
					"@loader_path/../Frameworks",
				);
				PRODUCT_BUNDLE_IDENTIFIER = com.nutznboltzllc.QRCodeTests;
				PRODUCT_NAME = "$(TARGET_NAME)";
				SWIFT_VERSION = 4.2;
				TEST_HOST = "$(BUILT_PRODUCTS_DIR)/QRCode.app/Contents/MacOS/QRCode";
			};
			name = Debug;
		};
		76ED28C121CF072D00C2A430 /* Release */ = {
			isa = XCBuildConfiguration;
			buildSettings = {
				ALWAYS_EMBED_SWIFT_STANDARD_LIBRARIES = YES;
				BUNDLE_LOADER = "$(TEST_HOST)";
				CODE_SIGN_STYLE = Automatic;
				COMBINE_HIDPI_IMAGES = YES;
				DEVELOPMENT_TEAM = 27LZ3U2T22;
				INFOPLIST_FILE = QRCodeTests/Info.plist;
				LD_RUNPATH_SEARCH_PATHS = (
					"$(inherited)",
					"@executable_path/../Frameworks",
					"@loader_path/../Frameworks",
				);
				PRODUCT_BUNDLE_IDENTIFIER = com.nutznboltzllc.QRCodeTests;
				PRODUCT_NAME = "$(TARGET_NAME)";
				SWIFT_VERSION = 4.2;
				TEST_HOST = "$(BUILT_PRODUCTS_DIR)/QRCode.app/Contents/MacOS/QRCode";
			};
			name = Release;
		};
		76ED28C321CF072D00C2A430 /* Debug */ = {
			isa = XCBuildConfiguration;
			buildSettings = {
				ALWAYS_EMBED_SWIFT_STANDARD_LIBRARIES = YES;
				CODE_SIGN_STYLE = Automatic;
				COMBINE_HIDPI_IMAGES = YES;
				DEVELOPMENT_TEAM = 27LZ3U2T22;
				INFOPLIST_FILE = QRCodeUITests/Info.plist;
				LD_RUNPATH_SEARCH_PATHS = (
					"$(inherited)",
					"@executable_path/../Frameworks",
					"@loader_path/../Frameworks",
				);
				PRODUCT_BUNDLE_IDENTIFIER = com.nutznboltzllc.QRCodeUITests;
				PRODUCT_NAME = "$(TARGET_NAME)";
				SWIFT_VERSION = 4.2;
				TEST_TARGET_NAME = QRCode;
			};
			name = Debug;
		};
		76ED28C421CF072D00C2A430 /* Release */ = {
			isa = XCBuildConfiguration;
			buildSettings = {
				ALWAYS_EMBED_SWIFT_STANDARD_LIBRARIES = YES;
				CODE_SIGN_STYLE = Automatic;
				COMBINE_HIDPI_IMAGES = YES;
				DEVELOPMENT_TEAM = 27LZ3U2T22;
				INFOPLIST_FILE = QRCodeUITests/Info.plist;
				LD_RUNPATH_SEARCH_PATHS = (
					"$(inherited)",
					"@executable_path/../Frameworks",
					"@loader_path/../Frameworks",
				);
				PRODUCT_BUNDLE_IDENTIFIER = com.nutznboltzllc.QRCodeUITests;
				PRODUCT_NAME = "$(TARGET_NAME)";
				SWIFT_VERSION = 4.2;
				TEST_TARGET_NAME = QRCode;
			};
			name = Release;
		};
/* End XCBuildConfiguration section */

/* Begin XCConfigurationList section */
		76ED288F21CF072C00C2A430 /* Build configuration list for PBXProject "QRCode" */ = {
			isa = XCConfigurationList;
			buildConfigurations = (
				76ED28BA21CF072D00C2A430 /* Debug */,
				76ED28BB21CF072D00C2A430 /* Release */,
			);
			defaultConfigurationIsVisible = 0;
			defaultConfigurationName = Release;
		};
		76ED28BC21CF072D00C2A430 /* Build configuration list for PBXNativeTarget "QRCode" */ = {
			isa = XCConfigurationList;
			buildConfigurations = (
				76ED28BD21CF072D00C2A430 /* Debug */,
				76ED28BE21CF072D00C2A430 /* Release */,
			);
			defaultConfigurationIsVisible = 0;
			defaultConfigurationName = Release;
		};
		76ED28BF21CF072D00C2A430 /* Build configuration list for PBXNativeTarget "QRCodeTests" */ = {
			isa = XCConfigurationList;
			buildConfigurations = (
				76ED28C021CF072D00C2A430 /* Debug */,
				76ED28C121CF072D00C2A430 /* Release */,
			);
			defaultConfigurationIsVisible = 0;
			defaultConfigurationName = Release;
		};
		76ED28C221CF072D00C2A430 /* Build configuration list for PBXNativeTarget "QRCodeUITests" */ = {
			isa = XCConfigurationList;
			buildConfigurations = (
				76ED28C321CF072D00C2A430 /* Debug */,
				76ED28C421CF072D00C2A430 /* Release */,
			);
			defaultConfigurationIsVisible = 0;
			defaultConfigurationName = Release;
		};
/* End XCConfigurationList section */
	};
	rootObject = 76ED288C21CF072C00C2A430 /* Project object */;
}
